
Microsoft Visual Studio Solution File, Format Version 12.00
# Visual Studio 14
VisualStudioVersion = 14.0.25420.1
MinimumVisualStudioVersion = 10.0.40219.1
Project("{FAE04EC0-301F-11D3-BF4B-00C04F79EFBC}") = "MSRP-CSharp.net", "MSRP-CSharp.net\MSRP-CSharp.net.csproj", "{DD27E6A0-CEBF-4938-8F35-6A17EEEA2303}"
EndProject
Global
	GlobalSection(SolutionConfigurationPlatforms) = preSolution
		Debug|Any CPU = Debug|Any CPU
		Release|Any CPU = Release|Any CPU
	EndGlobalSection
	GlobalSection(ProjectConfigurationPlatforms) = postSolution
		{DD27E6A0-CEBF-4938-8F35-6A17EEEA2303}.Debug|Any CPU.ActiveCfg = Debug|Any CPU
		{DD27E6A0-CEBF-4938-8F35-6A17EEEA2303}.Debug|Any CPU.Build.0 = Debug|Any CPU
		{DD27E6A0-CEBF-4938-8F35-6A17EEEA2303}.Release|Any CPU.ActiveCfg = Release|Any CPU
		{DD27E6A0-CEBF-4938-8F35-6A17EEEA2303}.Release|Any CPU.Build.0 = Release|Any CPU
	EndGlobalSection
	GlobalSection(SolutionProperties) = preSolution
		HideSolutionNode = FALSE
	EndGlobalSection
EndGlobal
